<?xml version="1.0" encoding="utf-8"?>
<Project ToolsVersion="4.0" xmlns="http://schemas.microsoft.com/developer/msbuild/2003">
  <ItemGroup>
    <Filter Include="src">
      <UniqueIdentifier>{4e583e3e-ea59-496c-8a49-3426c49dccf4}</UniqueIdentifier>
    </Filter>
    <Filter Include="src\math">
      <UniqueIdentifier>{855c7cbf-6468-463f-a582-f9984d3e8bd5}</UniqueIdentifier>
    </Filter>
    <Filter Include="src\core">
      <UniqueIdentifier>{7c756bec-431a-4672-a1fd-bd3352b418a5}</UniqueIdentifier>
    </Filter>
    <Filter Include="src\file">
      <UniqueIdentifier>{365a2b57-a94c-4185-9e53-fa1b4194b2ad}</UniqueIdentifier>
    </Filter>
    <Filter Include="tools">
      <UniqueIdentifier>{c431630a-ce1e-4d4d-b845-730b84924a26}</UniqueIdentifier>
    </Filter>
    <Filter Include="resource">
      <UniqueIdentifier>{0b50139b-8f0f-4b4f-adb1-cbe4c88d0780}</UniqueIdentifier>
    </Filter>
    <Filter Include="screenshots">
      <UniqueIdentifier>{82b5a1e3-ac56-42f3-a894-b50b24644318}</UniqueIdentifier>
    </Filter>
  </ItemGroup>
  <ItemGroup>
    <ClCompile Include="main.cpp" />
    <ClCompile Include="src\math\vector.cpp">
      <Filter>src\math</Filter>
    </ClCompile>
    <ClCompile Include="src\math\quaternion.cpp">
      <Filter>src\math</Filter>
    </ClCompile>
    <ClCompile Include="src\math\matrix.cpp">
      <Filter>src\math</Filter>
    </ClCompile>
    <ClCompile Include="src\math\line.cpp">
      <Filter>src\math</Filter>
    </ClCompile>
    <ClCompile Include="src\math\plane.cpp">
      <Filter>src\math</Filter>
    </ClCompile>
    <ClCompile Include="src\core\window.cpp">
      <Filter>src\core</Filter>
    </ClCompile>
    <ClCompile Include="src\file\file.cpp">
      <Filter>src\file</Filter>
    </ClCompile>
    <ClCompile Include="src\core\model.cpp">
      <Filter>src\core</Filter>
    </ClCompile>
    <ClCompile Include="src\file\bmp_loader.cpp">
      <Filter>src\file</Filter>
    </ClCompile>
  </ItemGroup>
  <ItemGroup>
    <ClInclude Include="src\math\vector.hpp">
      <Filter>src\math</Filter>
    </ClInclude>
    <ClInclude Include="src\math\math_util.hpp">
      <Filter>src\math</Filter>
    </ClInclude>
    <ClInclude Include="src\math\quaternion.hpp">
      <Filter>src\math</Filter>
    </ClInclude>
    <ClInclude Include="src\math\matrix.hpp">
      <Filter>src\math</Filter>
    </ClInclude>
    <ClInclude Include="src\math\line.hpp">
      <Filter>src\math</Filter>
    </ClInclude>
    <ClInclude Include="src\math\plane.hpp">
      <Filter>src\math</Filter>
    </ClInclude>
    <ClInclude Include="src\core\window.hpp">
      <Filter>src\core</Filter>
    </ClInclude>
    <ClInclude Include="src\file\file.hpp">
      <Filter>src\file</Filter>
    </ClInclude>
    <ClInclude Include="src\core\model.hpp">
      <Filter>src\core</Filter>
    </ClInclude>
    <ClInclude Include="src\core\color.hpp">
      <Filter>src\core</Filter>
    </ClInclude>
    <ClInclude Include="src\file\image_loader.hpp">
      <Filter>src\file</Filter>
    </ClInclude>
    <ClInclude Include="src\file\bmp_loader.hpp">
      <Filter>src\file</Filter>
    </ClInclude>
  </ItemGroup>
  <ItemGroup>
    <None Include="resource\triangle.zimage">
      <Filter>resource</Filter>
    </None>
    <None Include="resource\object.zimage">
      <Filter>resource</Filter>
    </None>
    <None Include="resource\cube.zimage">
      <Filter>resource</Filter>
    </None>
  </ItemGroup>
  <ItemGroup>
    <Image Include="screenshots\cube.png">
      <Filter>screenshots</Filter>
    </Image>
  </ItemGroup>
</Project>